// !$*UTF8*$!
{
	archiveVersion = 1;
	classes = {
	};
	objectVersion = 46;
	objects = {

/* Begin PBXBuildFile section */
		44D045171E2DE5CF00241370 /* main.m in Sources */ = {isa = PBXBuildFile; fileRef = 44D045161E2DE5CF00241370 /* main.m */; };
		44D0451F1E2DE5F300241370 /* Person.m in Sources */ = {isa = PBXBuildFile; fileRef = 44D0451E1E2DE5F300241370 /* Person.m */; };
		44D045221E2DE60500241370 /* Warrior.m in Sources */ = {isa = PBXBuildFile; fileRef = 44D045211E2DE60500241370 /* Warrior.m */; };
		44D045251E2DE61700241370 /* Wizard.m in Sources */ = {isa = PBXBuildFile; fileRef = 44D045241E2DE61700241370 /* Wizard.m */; };
/* End PBXBuildFile section */

/* Begin PBXCopyFilesBuildPhase section */
		44D045111E2DE5CF00241370 /* CopyFiles */ = {
			isa = PBXCopyFilesBuildPhase;
			buildActionMask = 2147483647;
			dstPath = /usr/share/man/man1/;
			dstSubfolderSpec = 0;
			files = (
			);
			runOnlyForDeploymentPostprocessing = 1;
		};
/* End PBXCopyFilesBuildPhase section */

/* Begin PBXFileReference section */
		44D045131E2DE5CF00241370 /* TestTwo */ = {isa = PBXFileReference; explicitFileType = "compiled.mach-o.executable"; includeInIndex = 0; path = TestTwo; sourceTree = BUILT_PRODUCTS_DIR; };
		44D045161E2DE5CF00241370 /* main.m */ = {isa = PBXFileReference; lastKnownFileType = sourcecode.c.objc; path = main.m; sourceTree = "<group>"; };
		44D0451D1E2DE5F300241370 /* Person.h */ = {isa = PBXFileReference; fileEncoding = 4; lastKnownFileType = sourcecode.c.h; path = Person.h; sourceTree = "<group>"; };
		44D0451E1E2DE5F300241370 /* Person.m */ = {isa = PBXFileReference; fileEncoding = 4; lastKnownFileType = sourcecode.c.objc; path = Person.m; sourceTree = "<group>"; };
		44D045201E2DE60500241370 /* Warrior.h */ = {isa = PBXFileReference; fileEncoding = 4; lastKnownFileType = sourcecode.c.h; path = Warrior.h; sourceTree = "<group>"; };
		44D045211E2DE60500241370 /* Warrior.m */ = {isa = PBXFileReference; fileEncoding = 4; lastKnownFileType = sourcecode.c.objc; path = Warrior.m; sourceTree = "<group>"; };
		44D045231E2DE61700241370 /* Wizard.h */ = {isa = PBXFileReference; fileEncoding = 4; lastKnownFileType = sourcecode.c.h; path = Wizard.h; sourceTree = "<group>"; };
		44D045241E2DE61700241370 /* Wizard.m */ = {isa = PBXFileReference; fileEncoding = 4; lastKnownFileType = sourcecode.c.objc; path = Wizard.m; sourceTree = "<group>"; };
/* End PBXFileReference section */

/* Begin PBXFrameworksBuildPhase section */
		44D045101E2DE5CF00241370 /* Frameworks */ = {
			isa = PBXFrameworksBuildPhase;
			buildActionMask = 2147483647;
			files = (
			);
			runOnlyForDeploymentPostprocessing = 0;
		};
/* End PBXFrameworksBuildPhase section */

/* Begin PBXGroup section */
		44D0450A1E2DE5CF00241370 = {
			isa = PBXGroup;
			children = (
				44D045151E2DE5CF00241370 /* TestTwo */,
				44D045141E2DE5CF00241370 /* Products */,
			);
			sourceTree = "<group>";
		};
		44D045141E2DE5CF00241370 /* Products */ = {
			isa = PBXGroup;
			children = (
				44D045131E2DE5CF00241370 /* TestTwo */,
			);
			name = Products;
			sourceTree = "<group>";
		};
		44D045151E2DE5CF00241370 /* TestTwo */ = {
			isa = PBXGroup;
			children = (
				44D045161E2DE5CF00241370 /* main.m */,
				44D045231E2DE61700241370 /* Wizard.h */,
				44D045241E2DE61700241370 /* Wizard.m */,
				44D045201E2DE60500241370 /* Warrior.h */,
				44D045211E2DE60500241370 /* Warrior.m */,
				44D0451D1E2DE5F300241370 /* Person.h */,
				44D0451E1E2DE5F300241370 /* Person.m */,
			);
			path = TestTwo;
			sourceTree = "<group>";
		};
/* End PBXGroup section */

/* Begin PBXNativeTarget section */
		44D045121E2DE5CF00241370 /* TestTwo */ = {
			isa = PBXNativeTarget;
			buildConfigurationList = 44D0451A1E2DE5CF00241370 /* Build configuration list for PBXNativeTarget "TestTwo" */;
			buildPhases = (
				44D0450F1E2DE5CF00241370 /* Sources */,
				44D045101E2DE5CF00241370 /* Frameworks */,
				44D045111E2DE5CF00241370 /* CopyFiles */,
			);
			buildRules = (
			);
			dependencies = (
			);
			name = TestTwo;
			productName = TestTwo;
			productReference = 44D045131E2DE5CF00241370 /* TestTwo */;
			productType = "com.apple.product-type.tool";
		};
/* End PBXNativeTarget section */

/* Begin PBXProject section */
		44D0450B1E2DE5CF00241370 /* Project object */ = {
			isa = PBXProject;
			attributes = {
				LastUpgradeCheck = 0820;
				ORGANIZATIONNAME = KimYunseo;
				TargetAttributes = {
					44D045121E2DE5CF00241370 = {
						CreatedOnToolsVersion = 8.2.1;
						ProvisioningStyle = Automatic;
					};
				};
			};
			buildConfigurationList = 44D0450E1E2DE5CF00241370 /* Build configuration list for PBXProject "TestTwo" */;
			compatibilityVersion = "Xcode 3.2";
			developmentRegion = English;
			hasScannedForEncodings = 0;
			knownRegions = (
				en,
			);
			mainGroup = 44D0450A1E2DE5CF00241370;
			productRefGroup = 44D045141E2DE5CF00241370 /* Products */;
			projectDirPath = "";
			projectRoot = "";
			targets = (
				44D045121E2DE5CF00241370 /* TestTwo */,
			);
		};
/* End PBXProject section */

/* Begin PBXSourcesBuildPhase section */
		44D0450F1E2DE5CF00241370 /* Sources */ = {
			isa = PBXSourcesBuildPhase;
			buildActionMask = 2147483647;
			files = (
				44D045251E2DE61700241370 /* Wizard.m in Sources */,
				44D045221E2DE60500241370 /* Warrior.m in Sources */,
				44D0451F1E2DE5F300241370 /* Person.m in Sources */,
				44D045171E2DE5CF00241370 /* main.m in Sources */,
			);
			runOnlyForDeploymentPostprocessing = 0;
		};
/* End PBXSourcesBuildPhase section */

/* Begin XCBuildConfiguration section */
		44D045181E2DE5CF00241370 /* Debug */ = {
			isa = XCBuildConfiguration;
			buildSettings = {
				ALWAYS_SEARCH_USER_PATHS = NO;
				CLANG_ANALYZER_NONNULL = YES;
				CLANG_CXX_LANGUAGE_STANDARD = "gnu++0x";
				CLANG_CXX_LIBRARY = "libc++";
				CLANG_ENABLE_MODULES = YES;
				CLANG_ENABLE_OBJC_ARC = YES;
				CLANG_WARN_BOOL_CONVERSION = YES;
				CLANG_WARN_CONSTANT_CONVERSION = YES;
				CLANG_WARN_DIRECT_OBJC_ISA_USAGE = YES_ERROR;
				CLANG_WARN_DOCUMENTATION_COMMENTS = YES;
				CLANG_WARN_EMPTY_BODY = YES;
				CLANG_WARN_ENUM_CONVERSION = YES;
				CLANG_WARN_INFINITE_RECURSION = YES;
				CLANG_WARN_INT_CONVERSION = YES;
				CLANG_WARN_OBJC_ROOT_CLASS = YES_ERROR;
				CLANG_WARN_SUSPICIOUS_MOVE = YES;
				CLANG_WARN_UNREACHABLE_CODE = YES;
				CLANG_WARN__DUPLICATE_METHOD_MATCH = YES;
				CODE_SIGN_IDENTITY = "-";
				COPY_PHASE_STRIP = NO;
				DEBUG_INFORMATION_FORMAT = dwarf;
				ENABLE_STRICT_OBJC_MSGSEND = YES;
				ENABLE_TESTABILITY = YES;
				GCC_C_LANGUAGE_STANDARD = gnu99;
				GCC_DYNAMIC_NO_PIC = NO;
				GCC_NO_COMMON_BLOCKS = YES;
				GCC_OPTIMIZATION_LEVEL = 0;
				GCC_PREPROCESSOR_DEFINITIONS = (
					"DEBUG=1",
					"$(inherited)",
				);
				GCC_WARN_64_TO_32_BIT_CONVERSION = YES;
				GCC_WARN_ABOUT_RETURN_TYPE = YES_ERROR;
				GCC_WARN_UNDECLARED_SELECTOR = YES;
				GCC_WARN_UNINITIALIZED_AUTOS = YES_AGGRESSIVE;
				GCC_WARN_UNUSED_FUNCTION = YES;
				GCC_WARN_UNUSED_VARIABLE = YES;
				MACOSX_DEPLOYMENT_TARGET = 10.12;
				MTL_ENABLE_DEBUG_INFO = YES;
				ONLY_ACTIVE_ARCH = YES;
				SDKROOT = macosx;
			};
			name = Debug;
		};
		44D045191E2DE5CF00241370 /* Release */ = {
			isa = XCBuildConfiguration;
			buildSettings = {
				ALWAYS_SEARCH_USER_PATHS = NO;
				CLANG_ANALYZER_NONNULL = YES;
				CLANG_CXX_LANGUAGE_STANDARD = "gnu++0x";
				CLANG_CXX_LIBRARY = "libc++";
				CLANG_ENABLE_MODULES = YES;
				CLANG_ENABLE_OBJC_ARC = YES;
				CLANG_WARN_BOOL_CONVERSION = YES;
				CLANG_WARN_CONSTANT_CONVERSION = YES;
				CLANG_WARN_DIRECT_OBJC_ISA_USAGE = YES_ERROR;
				CLANG_WARN_DOCUMENTATION_COMMENTS = YES;
				CLANG_WARN_EMPTY_BODY = YES;
				CLANG_WARN_ENUM_CONVERSION = YES;
				CLANG_WARN_INFINITE_RECURSION = YES;
				CLANG_WARN_INT_CONVERSION = YES;
				CLANG_WARN_OBJC_ROOT_CLASS = YES_ERROR;
				CLANG_WARN_SUSPICIOUS_MOVE = YES;
				CLANG_WARN_UNREACHABLE_CODE = YES;
				CLANG_WARN__DUPLICATE_METHOD_MATCH = YES;
				CODE_SIGN_IDENTITY = "-";
				COPY_PHASE_STRIP = NO;
				DEBUG_INFORMATION_FORMAT = "dwarf-with-dsym";
				ENABLE_NS_ASSERTIONS = NO;
				ENABLE_STRICT_OBJC_MSGSEND = YES;
				GCC_C_LANGUAGE_STANDARD = gnu99;
				GCC_NO_COMMON_BLOCKS = YES;
				GCC_WARN_64_TO_32_BIT_CONVERSION = YES;
				GCC_WARN_ABOUT_RETURN_TYPE = YES_ERROR;
				GCC_WARN_UNDECLARED_SELECTOR = YES;
				GCC_WARN_UNINITIALIZED_AUTOS = YES_AGGRESSIVE;
				GCC_WARN_UNUSED_FUNCTION = YES;
				GCC_WARN_UNUSED_VARIABLE = YES;
				MACOSX_DEPLOYMENT_TARGET = 10.12;
				MTL_ENABLE_DEBUG_INFO = NO;
				SDKROOT = macosx;
			};
			name = Release;
		};
		44D0451B1E2DE5CF00241370 /* Debug */ = {
			isa = XCBuildConfiguration;
			buildSettings = {
				PRODUCT_NAME = "$(TARGET_NAME)";
			};
			name = Debug;
		};
		44D0451C1E2DE5CF00241370 /* Release */ = {
			isa = XCBuildConfiguration;
			buildSettings = {
				PRODUCT_NAME = "$(TARGET_NAME)";
			};
			name = Release;
		};
/* End XCBuildConfiguration section */

/* Begin XCConfigurationList section */
		44D0450E1E2DE5CF00241370 /* Build configuration list for PBXProject "TestTwo" */ = {
			isa = XCConfigurationList;
			buildConfigurations = (
				44D045181E2DE5CF00241370 /* Debug */,
				44D045191E2DE5CF00241370 /* Release */,
			);
			defaultConfigurationIsVisible = 0;
			defaultConfigurationName = Release;
		};
		44D0451A1E2DE5CF00241370 /* Build configuration list for PBXNativeTarget "TestTwo" */ = {
			isa = XCConfigurationList;
			buildConfigurations = (
				44D0451B1E2DE5CF00241370 /* Debug */,
				44D0451C1E2DE5CF00241370 /* Release */,
			);
			defaultConfigurationIsVisible = 0;
		};
/* End XCConfigurationList section */
	};
	rootObject = 44D0450B1E2DE5CF00241370 /* Project object */;
}
