// !$*UTF8*$!
{
	archiveVersion = 1;
	classes = {
	};
	objectVersion = 46;
	objects = {

/* Begin PBXBuildFile section */
		449DAE011E2F63C50028C5A9 /* main.m in Sources */ = {isa = PBXBuildFile; fileRef = 449DAE001E2F63C50028C5A9 /* main.m */; };
		449DAE091E2F63DF0028C5A9 /* Human.m in Sources */ = {isa = PBXBuildFile; fileRef = 449DAE081E2F63DF0028C5A9 /* Human.m */; };
		449DAE0C1E2F63F50028C5A9 /* Warrior.m in Sources */ = {isa = PBXBuildFile; fileRef = 449DAE0B1E2F63F50028C5A9 /* Warrior.m */; };
/* End PBXBuildFile section */

/* Begin PBXCopyFilesBuildPhase section */
		449DADFB1E2F63C50028C5A9 /* CopyFiles */ = {
			isa = PBXCopyFilesBuildPhase;
			buildActionMask = 2147483647;
			dstPath = /usr/share/man/man1/;
			dstSubfolderSpec = 0;
			files = (
			);
			runOnlyForDeploymentPostprocessing = 1;
		};
/* End PBXCopyFilesBuildPhase section */

/* Begin PBXFileReference section */
		449DADFD1E2F63C50028C5A9 /* ExampleInheritance */ = {isa = PBXFileReference; explicitFileType = "compiled.mach-o.executable"; includeInIndex = 0; path = ExampleInheritance; sourceTree = BUILT_PRODUCTS_DIR; };
		449DAE001E2F63C50028C5A9 /* main.m */ = {isa = PBXFileReference; lastKnownFileType = sourcecode.c.objc; path = main.m; sourceTree = "<group>"; };
		449DAE071E2F63DF0028C5A9 /* Human.h */ = {isa = PBXFileReference; fileEncoding = 4; lastKnownFileType = sourcecode.c.h; path = Human.h; sourceTree = "<group>"; };
		449DAE081E2F63DF0028C5A9 /* Human.m */ = {isa = PBXFileReference; fileEncoding = 4; lastKnownFileType = sourcecode.c.objc; path = Human.m; sourceTree = "<group>"; };
		449DAE0A1E2F63F50028C5A9 /* Warrior.h */ = {isa = PBXFileReference; fileEncoding = 4; lastKnownFileType = sourcecode.c.h; path = Warrior.h; sourceTree = "<group>"; };
		449DAE0B1E2F63F50028C5A9 /* Warrior.m */ = {isa = PBXFileReference; fileEncoding = 4; lastKnownFileType = sourcecode.c.objc; path = Warrior.m; sourceTree = "<group>"; };
/* End PBXFileReference section */

/* Begin PBXFrameworksBuildPhase section */
		449DADFA1E2F63C50028C5A9 /* Frameworks */ = {
			isa = PBXFrameworksBuildPhase;
			buildActionMask = 2147483647;
			files = (
			);
			runOnlyForDeploymentPostprocessing = 0;
		};
/* End PBXFrameworksBuildPhase section */

/* Begin PBXGroup section */
		449DADF41E2F63C50028C5A9 = {
			isa = PBXGroup;
			children = (
				449DADFF1E2F63C50028C5A9 /* ExampleInheritance */,
				449DADFE1E2F63C50028C5A9 /* Products */,
			);
			sourceTree = "<group>";
		};
		449DADFE1E2F63C50028C5A9 /* Products */ = {
			isa = PBXGroup;
			children = (
				449DADFD1E2F63C50028C5A9 /* ExampleInheritance */,
			);
			name = Products;
			sourceTree = "<group>";
		};
		449DADFF1E2F63C50028C5A9 /* ExampleInheritance */ = {
			isa = PBXGroup;
			children = (
				449DAE001E2F63C50028C5A9 /* main.m */,
				449DAE071E2F63DF0028C5A9 /* Human.h */,
				449DAE081E2F63DF0028C5A9 /* Human.m */,
				449DAE0A1E2F63F50028C5A9 /* Warrior.h */,
				449DAE0B1E2F63F50028C5A9 /* Warrior.m */,
			);
			path = ExampleInheritance;
			sourceTree = "<group>";
		};
/* End PBXGroup section */

/* Begin PBXNativeTarget section */
		449DADFC1E2F63C50028C5A9 /* ExampleInheritance */ = {
			isa = PBXNativeTarget;
			buildConfigurationList = 449DAE041E2F63C50028C5A9 /* Build configuration list for PBXNativeTarget "ExampleInheritance" */;
			buildPhases = (
				449DADF91E2F63C50028C5A9 /* Sources */,
				449DADFA1E2F63C50028C5A9 /* Frameworks */,
				449DADFB1E2F63C50028C5A9 /* CopyFiles */,
			);
			buildRules = (
			);
			dependencies = (
			);
			name = ExampleInheritance;
			productName = ExampleInheritance;
			productReference = 449DADFD1E2F63C50028C5A9 /* ExampleInheritance */;
			productType = "com.apple.product-type.tool";
		};
/* End PBXNativeTarget section */

/* Begin PBXProject section */
		449DADF51E2F63C50028C5A9 /* Project object */ = {
			isa = PBXProject;
			attributes = {
				LastUpgradeCheck = 0820;
				ORGANIZATIONNAME = KimYunseo;
				TargetAttributes = {
					449DADFC1E2F63C50028C5A9 = {
						CreatedOnToolsVersion = 8.2.1;
						ProvisioningStyle = Automatic;
					};
				};
			};
			buildConfigurationList = 449DADF81E2F63C50028C5A9 /* Build configuration list for PBXProject "ExampleInheritance" */;
			compatibilityVersion = "Xcode 3.2";
			developmentRegion = English;
			hasScannedForEncodings = 0;
			knownRegions = (
				en,
			);
			mainGroup = 449DADF41E2F63C50028C5A9;
			productRefGroup = 449DADFE1E2F63C50028C5A9 /* Products */;
			projectDirPath = "";
			projectRoot = "";
			targets = (
				449DADFC1E2F63C50028C5A9 /* ExampleInheritance */,
			);
		};
/* End PBXProject section */

/* Begin PBXSourcesBuildPhase section */
		449DADF91E2F63C50028C5A9 /* Sources */ = {
			isa = PBXSourcesBuildPhase;
			buildActionMask = 2147483647;
			files = (
				449DAE0C1E2F63F50028C5A9 /* Warrior.m in Sources */,
				449DAE011E2F63C50028C5A9 /* main.m in Sources */,
				449DAE091E2F63DF0028C5A9 /* Human.m in Sources */,
			);
			runOnlyForDeploymentPostprocessing = 0;
		};
/* End PBXSourcesBuildPhase section */

/* Begin XCBuildConfiguration section */
		449DAE021E2F63C50028C5A9 /* Debug */ = {
			isa = XCBuildConfiguration;
			buildSettings = {
				ALWAYS_SEARCH_USER_PATHS = NO;
				CLANG_ANALYZER_NONNULL = YES;
				CLANG_CXX_LANGUAGE_STANDARD = "gnu++0x";
				CLANG_CXX_LIBRARY = "libc++";
				CLANG_ENABLE_MODULES = YES;
				CLANG_ENABLE_OBJC_ARC = YES;
				CLANG_WARN_BOOL_CONVERSION = YES;
				CLANG_WARN_CONSTANT_CONVERSION = YES;
				CLANG_WARN_DIRECT_OBJC_ISA_USAGE = YES_ERROR;
				CLANG_WARN_DOCUMENTATION_COMMENTS = YES;
				CLANG_WARN_EMPTY_BODY = YES;
				CLANG_WARN_ENUM_CONVERSION = YES;
				CLANG_WARN_INFINITE_RECURSION = YES;
				CLANG_WARN_INT_CONVERSION = YES;
				CLANG_WARN_OBJC_ROOT_CLASS = YES_ERROR;
				CLANG_WARN_SUSPICIOUS_MOVE = YES;
				CLANG_WARN_UNREACHABLE_CODE = YES;
				CLANG_WARN__DUPLICATE_METHOD_MATCH = YES;
				CODE_SIGN_IDENTITY = "-";
				COPY_PHASE_STRIP = NO;
				DEBUG_INFORMATION_FORMAT = dwarf;
				ENABLE_STRICT_OBJC_MSGSEND = YES;
				ENABLE_TESTABILITY = YES;
				GCC_C_LANGUAGE_STANDARD = gnu99;
				GCC_DYNAMIC_NO_PIC = NO;
				GCC_NO_COMMON_BLOCKS = YES;
				GCC_OPTIMIZATION_LEVEL = 0;
				GCC_PREPROCESSOR_DEFINITIONS = (
					"DEBUG=1",
					"$(inherited)",
				);
				GCC_WARN_64_TO_32_BIT_CONVERSION = YES;
				GCC_WARN_ABOUT_RETURN_TYPE = YES_ERROR;
				GCC_WARN_UNDECLARED_SELECTOR = YES;
				GCC_WARN_UNINITIALIZED_AUTOS = YES_AGGRESSIVE;
				GCC_WARN_UNUSED_FUNCTION = YES;
				GCC_WARN_UNUSED_VARIABLE = YES;
				MACOSX_DEPLOYMENT_TARGET = 10.12;
				MTL_ENABLE_DEBUG_INFO = YES;
				ONLY_ACTIVE_ARCH = YES;
				SDKROOT = macosx;
			};
			name = Debug;
		};
		449DAE031E2F63C50028C5A9 /* Release */ = {
			isa = XCBuildConfiguration;
			buildSettings = {
				ALWAYS_SEARCH_USER_PATHS = NO;
				CLANG_ANALYZER_NONNULL = YES;
				CLANG_CXX_LANGUAGE_STANDARD = "gnu++0x";
				CLANG_CXX_LIBRARY = "libc++";
				CLANG_ENABLE_MODULES = YES;
				CLANG_ENABLE_OBJC_ARC = YES;
				CLANG_WARN_BOOL_CONVERSION = YES;
				CLANG_WARN_CONSTANT_CONVERSION = YES;
				CLANG_WARN_DIRECT_OBJC_ISA_USAGE = YES_ERROR;
				CLANG_WARN_DOCUMENTATION_COMMENTS = YES;
				CLANG_WARN_EMPTY_BODY = YES;
				CLANG_WARN_ENUM_CONVERSION = YES;
				CLANG_WARN_INFINITE_RECURSION = YES;
				CLANG_WARN_INT_CONVERSION = YES;
				CLANG_WARN_OBJC_ROOT_CLASS = YES_ERROR;
				CLANG_WARN_SUSPICIOUS_MOVE = YES;
				CLANG_WARN_UNREACHABLE_CODE = YES;
				CLANG_WARN__DUPLICATE_METHOD_MATCH = YES;
				CODE_SIGN_IDENTITY = "-";
				COPY_PHASE_STRIP = NO;
				DEBUG_INFORMATION_FORMAT = "dwarf-with-dsym";
				ENABLE_NS_ASSERTIONS = NO;
				ENABLE_STRICT_OBJC_MSGSEND = YES;
				GCC_C_LANGUAGE_STANDARD = gnu99;
				GCC_NO_COMMON_BLOCKS = YES;
				GCC_WARN_64_TO_32_BIT_CONVERSION = YES;
				GCC_WARN_ABOUT_RETURN_TYPE = YES_ERROR;
				GCC_WARN_UNDECLARED_SELECTOR = YES;
				GCC_WARN_UNINITIALIZED_AUTOS = YES_AGGRESSIVE;
				GCC_WARN_UNUSED_FUNCTION = YES;
				GCC_WARN_UNUSED_VARIABLE = YES;
				MACOSX_DEPLOYMENT_TARGET = 10.12;
				MTL_ENABLE_DEBUG_INFO = NO;
				SDKROOT = macosx;
			};
			name = Release;
		};
		449DAE051E2F63C50028C5A9 /* Debug */ = {
			isa = XCBuildConfiguration;
			buildSettings = {
				PRODUCT_NAME = "$(TARGET_NAME)";
			};
			name = Debug;
		};
		449DAE061E2F63C50028C5A9 /* Release */ = {
			isa = XCBuildConfiguration;
			buildSettings = {
				PRODUCT_NAME = "$(TARGET_NAME)";
			};
			name = Release;
		};
/* End XCBuildConfiguration section */

/* Begin XCConfigurationList section */
		449DADF81E2F63C50028C5A9 /* Build configuration list for PBXProject "ExampleInheritance" */ = {
			isa = XCConfigurationList;
			buildConfigurations = (
				449DAE021E2F63C50028C5A9 /* Debug */,
				449DAE031E2F63C50028C5A9 /* Release */,
			);
			defaultConfigurationIsVisible = 0;
			defaultConfigurationName = Release;
		};
		449DAE041E2F63C50028C5A9 /* Build configuration list for PBXNativeTarget "ExampleInheritance" */ = {
			isa = XCConfigurationList;
			buildConfigurations = (
				449DAE051E2F63C50028C5A9 /* Debug */,
				449DAE061E2F63C50028C5A9 /* Release */,
			);
			defaultConfigurationIsVisible = 0;
		};
/* End XCConfigurationList section */
	};
	rootObject = 449DADF51E2F63C50028C5A9 /* Project object */;
}
