// !$*UTF8*$!
{
	archiveVersion = 1;
	classes = {
	};
	objectVersion = 46;
	objects = {

/* Begin PBXBuildFile section */
		449074381E409A52002A145F /* main.m in Sources */ = {isa = PBXBuildFile; fileRef = 449074371E409A52002A145F /* main.m */; };
		449074431E409A7F002A145F /* LeapYear.m in Sources */ = {isa = PBXBuildFile; fileRef = 449074421E409A7F002A145F /* LeapYear.m */; };
		449074461E40E156002A145F /* LeapYearBackup.m in Sources */ = {isa = PBXBuildFile; fileRef = 449074451E40E156002A145F /* LeapYearBackup.m */; };
/* End PBXBuildFile section */

/* Begin PBXCopyFilesBuildPhase section */
		449074321E409A52002A145F /* CopyFiles */ = {
			isa = PBXCopyFilesBuildPhase;
			buildActionMask = 2147483647;
			dstPath = /usr/share/man/man1/;
			dstSubfolderSpec = 0;
			files = (
			);
			runOnlyForDeploymentPostprocessing = 1;
		};
/* End PBXCopyFilesBuildPhase section */

/* Begin PBXFileReference section */
		449074341E409A52002A145F /* PracticeHard01 */ = {isa = PBXFileReference; explicitFileType = "compiled.mach-o.executable"; includeInIndex = 0; path = PracticeHard01; sourceTree = BUILT_PRODUCTS_DIR; };
		449074371E409A52002A145F /* main.m */ = {isa = PBXFileReference; lastKnownFileType = sourcecode.c.objc; path = main.m; sourceTree = "<group>"; };
		449074411E409A7F002A145F /* LeapYear.h */ = {isa = PBXFileReference; fileEncoding = 4; lastKnownFileType = sourcecode.c.h; path = LeapYear.h; sourceTree = "<group>"; };
		449074421E409A7F002A145F /* LeapYear.m */ = {isa = PBXFileReference; fileEncoding = 4; lastKnownFileType = sourcecode.c.objc; path = LeapYear.m; sourceTree = "<group>"; };
		449074441E40E156002A145F /* LeapYearBackup.h */ = {isa = PBXFileReference; fileEncoding = 4; lastKnownFileType = sourcecode.c.h; path = LeapYearBackup.h; sourceTree = "<group>"; };
		449074451E40E156002A145F /* LeapYearBackup.m */ = {isa = PBXFileReference; fileEncoding = 4; lastKnownFileType = sourcecode.c.objc; path = LeapYearBackup.m; sourceTree = "<group>"; };
/* End PBXFileReference section */

/* Begin PBXFrameworksBuildPhase section */
		449074311E409A52002A145F /* Frameworks */ = {
			isa = PBXFrameworksBuildPhase;
			buildActionMask = 2147483647;
			files = (
			);
			runOnlyForDeploymentPostprocessing = 0;
		};
/* End PBXFrameworksBuildPhase section */

/* Begin PBXGroup section */
		4490742B1E409A52002A145F = {
			isa = PBXGroup;
			children = (
				449074361E409A52002A145F /* PracticeHard01 */,
				449074351E409A52002A145F /* Products */,
			);
			sourceTree = "<group>";
		};
		449074351E409A52002A145F /* Products */ = {
			isa = PBXGroup;
			children = (
				449074341E409A52002A145F /* PracticeHard01 */,
			);
			name = Products;
			sourceTree = "<group>";
		};
		449074361E409A52002A145F /* PracticeHard01 */ = {
			isa = PBXGroup;
			children = (
				449074371E409A52002A145F /* main.m */,
				449074411E409A7F002A145F /* LeapYear.h */,
				449074421E409A7F002A145F /* LeapYear.m */,
				449074441E40E156002A145F /* LeapYearBackup.h */,
				449074451E40E156002A145F /* LeapYearBackup.m */,
			);
			path = PracticeHard01;
			sourceTree = "<group>";
		};
/* End PBXGroup section */

/* Begin PBXNativeTarget section */
		449074331E409A52002A145F /* PracticeHard01 */ = {
			isa = PBXNativeTarget;
			buildConfigurationList = 4490743B1E409A52002A145F /* Build configuration list for PBXNativeTarget "PracticeHard01" */;
			buildPhases = (
				449074301E409A52002A145F /* Sources */,
				449074311E409A52002A145F /* Frameworks */,
				449074321E409A52002A145F /* CopyFiles */,
			);
			buildRules = (
			);
			dependencies = (
			);
			name = PracticeHard01;
			productName = PracticeHard01;
			productReference = 449074341E409A52002A145F /* PracticeHard01 */;
			productType = "com.apple.product-type.tool";
		};
/* End PBXNativeTarget section */

/* Begin PBXProject section */
		4490742C1E409A52002A145F /* Project object */ = {
			isa = PBXProject;
			attributes = {
				LastUpgradeCheck = 0820;
				ORGANIZATIONNAME = KimYunseo;
				TargetAttributes = {
					449074331E409A52002A145F = {
						CreatedOnToolsVersion = 8.2.1;
						ProvisioningStyle = Automatic;
					};
				};
			};
			buildConfigurationList = 4490742F1E409A52002A145F /* Build configuration list for PBXProject "PracticeHard01" */;
			compatibilityVersion = "Xcode 3.2";
			developmentRegion = English;
			hasScannedForEncodings = 0;
			knownRegions = (
				en,
			);
			mainGroup = 4490742B1E409A52002A145F;
			productRefGroup = 449074351E409A52002A145F /* Products */;
			projectDirPath = "";
			projectRoot = "";
			targets = (
				449074331E409A52002A145F /* PracticeHard01 */,
			);
		};
/* End PBXProject section */

/* Begin PBXSourcesBuildPhase section */
		449074301E409A52002A145F /* Sources */ = {
			isa = PBXSourcesBuildPhase;
			buildActionMask = 2147483647;
			files = (
				449074431E409A7F002A145F /* LeapYear.m in Sources */,
				449074381E409A52002A145F /* main.m in Sources */,
				449074461E40E156002A145F /* LeapYearBackup.m in Sources */,
			);
			runOnlyForDeploymentPostprocessing = 0;
		};
/* End PBXSourcesBuildPhase section */

/* Begin XCBuildConfiguration section */
		449074391E409A52002A145F /* Debug */ = {
			isa = XCBuildConfiguration;
			buildSettings = {
				ALWAYS_SEARCH_USER_PATHS = NO;
				CLANG_ANALYZER_NONNULL = YES;
				CLANG_CXX_LANGUAGE_STANDARD = "gnu++0x";
				CLANG_CXX_LIBRARY = "libc++";
				CLANG_ENABLE_MODULES = YES;
				CLANG_ENABLE_OBJC_ARC = YES;
				CLANG_WARN_BOOL_CONVERSION = YES;
				CLANG_WARN_CONSTANT_CONVERSION = YES;
				CLANG_WARN_DIRECT_OBJC_ISA_USAGE = YES_ERROR;
				CLANG_WARN_DOCUMENTATION_COMMENTS = YES;
				CLANG_WARN_EMPTY_BODY = YES;
				CLANG_WARN_ENUM_CONVERSION = YES;
				CLANG_WARN_INFINITE_RECURSION = YES;
				CLANG_WARN_INT_CONVERSION = YES;
				CLANG_WARN_OBJC_ROOT_CLASS = YES_ERROR;
				CLANG_WARN_SUSPICIOUS_MOVE = YES;
				CLANG_WARN_UNREACHABLE_CODE = YES;
				CLANG_WARN__DUPLICATE_METHOD_MATCH = YES;
				CODE_SIGN_IDENTITY = "-";
				COPY_PHASE_STRIP = NO;
				DEBUG_INFORMATION_FORMAT = dwarf;
				ENABLE_STRICT_OBJC_MSGSEND = YES;
				ENABLE_TESTABILITY = YES;
				GCC_C_LANGUAGE_STANDARD = gnu99;
				GCC_DYNAMIC_NO_PIC = NO;
				GCC_NO_COMMON_BLOCKS = YES;
				GCC_OPTIMIZATION_LEVEL = 0;
				GCC_PREPROCESSOR_DEFINITIONS = (
					"DEBUG=1",
					"$(inherited)",
				);
				GCC_WARN_64_TO_32_BIT_CONVERSION = YES;
				GCC_WARN_ABOUT_RETURN_TYPE = YES_ERROR;
				GCC_WARN_UNDECLARED_SELECTOR = YES;
				GCC_WARN_UNINITIALIZED_AUTOS = YES_AGGRESSIVE;
				GCC_WARN_UNUSED_FUNCTION = YES;
				GCC_WARN_UNUSED_VARIABLE = YES;
				MACOSX_DEPLOYMENT_TARGET = 10.12;
				MTL_ENABLE_DEBUG_INFO = YES;
				ONLY_ACTIVE_ARCH = YES;
				SDKROOT = macosx;
			};
			name = Debug;
		};
		4490743A1E409A52002A145F /* Release */ = {
			isa = XCBuildConfiguration;
			buildSettings = {
				ALWAYS_SEARCH_USER_PATHS = NO;
				CLANG_ANALYZER_NONNULL = YES;
				CLANG_CXX_LANGUAGE_STANDARD = "gnu++0x";
				CLANG_CXX_LIBRARY = "libc++";
				CLANG_ENABLE_MODULES = YES;
				CLANG_ENABLE_OBJC_ARC = YES;
				CLANG_WARN_BOOL_CONVERSION = YES;
				CLANG_WARN_CONSTANT_CONVERSION = YES;
				CLANG_WARN_DIRECT_OBJC_ISA_USAGE = YES_ERROR;
				CLANG_WARN_DOCUMENTATION_COMMENTS = YES;
				CLANG_WARN_EMPTY_BODY = YES;
				CLANG_WARN_ENUM_CONVERSION = YES;
				CLANG_WARN_INFINITE_RECURSION = YES;
				CLANG_WARN_INT_CONVERSION = YES;
				CLANG_WARN_OBJC_ROOT_CLASS = YES_ERROR;
				CLANG_WARN_SUSPICIOUS_MOVE = YES;
				CLANG_WARN_UNREACHABLE_CODE = YES;
				CLANG_WARN__DUPLICATE_METHOD_MATCH = YES;
				CODE_SIGN_IDENTITY = "-";
				COPY_PHASE_STRIP = NO;
				DEBUG_INFORMATION_FORMAT = "dwarf-with-dsym";
				ENABLE_NS_ASSERTIONS = NO;
				ENABLE_STRICT_OBJC_MSGSEND = YES;
				GCC_C_LANGUAGE_STANDARD = gnu99;
				GCC_NO_COMMON_BLOCKS = YES;
				GCC_WARN_64_TO_32_BIT_CONVERSION = YES;
				GCC_WARN_ABOUT_RETURN_TYPE = YES_ERROR;
				GCC_WARN_UNDECLARED_SELECTOR = YES;
				GCC_WARN_UNINITIALIZED_AUTOS = YES_AGGRESSIVE;
				GCC_WARN_UNUSED_FUNCTION = YES;
				GCC_WARN_UNUSED_VARIABLE = YES;
				MACOSX_DEPLOYMENT_TARGET = 10.12;
				MTL_ENABLE_DEBUG_INFO = NO;
				SDKROOT = macosx;
			};
			name = Release;
		};
		4490743C1E409A52002A145F /* Debug */ = {
			isa = XCBuildConfiguration;
			buildSettings = {
				PRODUCT_NAME = "$(TARGET_NAME)";
			};
			name = Debug;
		};
		4490743D1E409A52002A145F /* Release */ = {
			isa = XCBuildConfiguration;
			buildSettings = {
				PRODUCT_NAME = "$(TARGET_NAME)";
			};
			name = Release;
		};
/* End XCBuildConfiguration section */

/* Begin XCConfigurationList section */
		4490742F1E409A52002A145F /* Build configuration list for PBXProject "PracticeHard01" */ = {
			isa = XCConfigurationList;
			buildConfigurations = (
				449074391E409A52002A145F /* Debug */,
				4490743A1E409A52002A145F /* Release */,
			);
			defaultConfigurationIsVisible = 0;
			defaultConfigurationName = Release;
		};
		4490743B1E409A52002A145F /* Build configuration list for PBXNativeTarget "PracticeHard01" */ = {
			isa = XCConfigurationList;
			buildConfigurations = (
				4490743C1E409A52002A145F /* Debug */,
				4490743D1E409A52002A145F /* Release */,
			);
			defaultConfigurationIsVisible = 0;
		};
/* End XCConfigurationList section */
	};
	rootObject = 4490742C1E409A52002A145F /* Project object */;
}
