// !$*UTF8*$!
{
	archiveVersion = 1;
	classes = {
	};
	objectVersion = 46;
	objects = {

/* Begin PBXBuildFile section */
		44EBB92C1E554C9600E6D91D /* main.m in Sources */ = {isa = PBXBuildFile; fileRef = 44EBB92B1E554C9600E6D91D /* main.m */; };
		44EBB92F1E554C9600E6D91D /* AppDelegate.m in Sources */ = {isa = PBXBuildFile; fileRef = 44EBB92E1E554C9600E6D91D /* AppDelegate.m */; };
		44EBB9321E554C9600E6D91D /* ViewController.m in Sources */ = {isa = PBXBuildFile; fileRef = 44EBB9311E554C9600E6D91D /* ViewController.m */; };
		44EBB9351E554C9600E6D91D /* Main.storyboard in Resources */ = {isa = PBXBuildFile; fileRef = 44EBB9331E554C9600E6D91D /* Main.storyboard */; };
		44EBB9371E554C9600E6D91D /* Assets.xcassets in Resources */ = {isa = PBXBuildFile; fileRef = 44EBB9361E554C9600E6D91D /* Assets.xcassets */; };
		44EBB93A1E554C9600E6D91D /* LaunchScreen.storyboard in Resources */ = {isa = PBXBuildFile; fileRef = 44EBB9381E554C9600E6D91D /* LaunchScreen.storyboard */; };
/* End PBXBuildFile section */

/* Begin PBXFileReference section */
		44EBB9271E554C9600E6D91D /* TableViewPractice01.app */ = {isa = PBXFileReference; explicitFileType = wrapper.application; includeInIndex = 0; path = TableViewPractice01.app; sourceTree = BUILT_PRODUCTS_DIR; };
		44EBB92B1E554C9600E6D91D /* main.m */ = {isa = PBXFileReference; lastKnownFileType = sourcecode.c.objc; path = main.m; sourceTree = "<group>"; };
		44EBB92D1E554C9600E6D91D /* AppDelegate.h */ = {isa = PBXFileReference; lastKnownFileType = sourcecode.c.h; path = AppDelegate.h; sourceTree = "<group>"; };
		44EBB92E1E554C9600E6D91D /* AppDelegate.m */ = {isa = PBXFileReference; lastKnownFileType = sourcecode.c.objc; path = AppDelegate.m; sourceTree = "<group>"; };
		44EBB9301E554C9600E6D91D /* ViewController.h */ = {isa = PBXFileReference; lastKnownFileType = sourcecode.c.h; path = ViewController.h; sourceTree = "<group>"; };
		44EBB9311E554C9600E6D91D /* ViewController.m */ = {isa = PBXFileReference; lastKnownFileType = sourcecode.c.objc; path = ViewController.m; sourceTree = "<group>"; };
		44EBB9341E554C9600E6D91D /* Base */ = {isa = PBXFileReference; lastKnownFileType = file.storyboard; name = Base; path = Base.lproj/Main.storyboard; sourceTree = "<group>"; };
		44EBB9361E554C9600E6D91D /* Assets.xcassets */ = {isa = PBXFileReference; lastKnownFileType = folder.assetcatalog; path = Assets.xcassets; sourceTree = "<group>"; };
		44EBB9391E554C9600E6D91D /* Base */ = {isa = PBXFileReference; lastKnownFileType = file.storyboard; name = Base; path = Base.lproj/LaunchScreen.storyboard; sourceTree = "<group>"; };
		44EBB93B1E554C9600E6D91D /* Info.plist */ = {isa = PBXFileReference; lastKnownFileType = text.plist.xml; path = Info.plist; sourceTree = "<group>"; };
/* End PBXFileReference section */

/* Begin PBXFrameworksBuildPhase section */
		44EBB9241E554C9600E6D91D /* Frameworks */ = {
			isa = PBXFrameworksBuildPhase;
			buildActionMask = 2147483647;
			files = (
			);
			runOnlyForDeploymentPostprocessing = 0;
		};
/* End PBXFrameworksBuildPhase section */

/* Begin PBXGroup section */
		44EBB91E1E554C9600E6D91D = {
			isa = PBXGroup;
			children = (
				44EBB9291E554C9600E6D91D /* TableViewPractice01 */,
				44EBB9281E554C9600E6D91D /* Products */,
			);
			sourceTree = "<group>";
		};
		44EBB9281E554C9600E6D91D /* Products */ = {
			isa = PBXGroup;
			children = (
				44EBB9271E554C9600E6D91D /* TableViewPractice01.app */,
			);
			name = Products;
			sourceTree = "<group>";
		};
		44EBB9291E554C9600E6D91D /* TableViewPractice01 */ = {
			isa = PBXGroup;
			children = (
				44EBB92D1E554C9600E6D91D /* AppDelegate.h */,
				44EBB92E1E554C9600E6D91D /* AppDelegate.m */,
				44EBB9301E554C9600E6D91D /* ViewController.h */,
				44EBB9311E554C9600E6D91D /* ViewController.m */,
				44EBB9331E554C9600E6D91D /* Main.storyboard */,
				44EBB9361E554C9600E6D91D /* Assets.xcassets */,
				44EBB9381E554C9600E6D91D /* LaunchScreen.storyboard */,
				44EBB93B1E554C9600E6D91D /* Info.plist */,
				44EBB92A1E554C9600E6D91D /* Supporting Files */,
			);
			path = TableViewPractice01;
			sourceTree = "<group>";
		};
		44EBB92A1E554C9600E6D91D /* Supporting Files */ = {
			isa = PBXGroup;
			children = (
				44EBB92B1E554C9600E6D91D /* main.m */,
			);
			name = "Supporting Files";
			sourceTree = "<group>";
		};
/* End PBXGroup section */

/* Begin PBXNativeTarget section */
		44EBB9261E554C9600E6D91D /* TableViewPractice01 */ = {
			isa = PBXNativeTarget;
			buildConfigurationList = 44EBB93E1E554C9600E6D91D /* Build configuration list for PBXNativeTarget "TableViewPractice01" */;
			buildPhases = (
				44EBB9231E554C9600E6D91D /* Sources */,
				44EBB9241E554C9600E6D91D /* Frameworks */,
				44EBB9251E554C9600E6D91D /* Resources */,
			);
			buildRules = (
			);
			dependencies = (
			);
			name = TableViewPractice01;
			productName = TableViewPractice01;
			productReference = 44EBB9271E554C9600E6D91D /* TableViewPractice01.app */;
			productType = "com.apple.product-type.application";
		};
/* End PBXNativeTarget section */

/* Begin PBXProject section */
		44EBB91F1E554C9600E6D91D /* Project object */ = {
			isa = PBXProject;
			attributes = {
				LastUpgradeCheck = 0820;
				ORGANIZATIONNAME = KimYunseo;
				TargetAttributes = {
					44EBB9261E554C9600E6D91D = {
						CreatedOnToolsVersion = 8.2.1;
						DevelopmentTeam = QDJF4LRH98;
						ProvisioningStyle = Automatic;
					};
				};
			};
			buildConfigurationList = 44EBB9221E554C9600E6D91D /* Build configuration list for PBXProject "TableViewPractice01" */;
			compatibilityVersion = "Xcode 3.2";
			developmentRegion = English;
			hasScannedForEncodings = 0;
			knownRegions = (
				en,
				Base,
			);
			mainGroup = 44EBB91E1E554C9600E6D91D;
			productRefGroup = 44EBB9281E554C9600E6D91D /* Products */;
			projectDirPath = "";
			projectRoot = "";
			targets = (
				44EBB9261E554C9600E6D91D /* TableViewPractice01 */,
			);
		};
/* End PBXProject section */

/* Begin PBXResourcesBuildPhase section */
		44EBB9251E554C9600E6D91D /* Resources */ = {
			isa = PBXResourcesBuildPhase;
			buildActionMask = 2147483647;
			files = (
				44EBB93A1E554C9600E6D91D /* LaunchScreen.storyboard in Resources */,
				44EBB9371E554C9600E6D91D /* Assets.xcassets in Resources */,
				44EBB9351E554C9600E6D91D /* Main.storyboard in Resources */,
			);
			runOnlyForDeploymentPostprocessing = 0;
		};
/* End PBXResourcesBuildPhase section */

/* Begin PBXSourcesBuildPhase section */
		44EBB9231E554C9600E6D91D /* Sources */ = {
			isa = PBXSourcesBuildPhase;
			buildActionMask = 2147483647;
			files = (
				44EBB9321E554C9600E6D91D /* ViewController.m in Sources */,
				44EBB92F1E554C9600E6D91D /* AppDelegate.m in Sources */,
				44EBB92C1E554C9600E6D91D /* main.m in Sources */,
			);
			runOnlyForDeploymentPostprocessing = 0;
		};
/* End PBXSourcesBuildPhase section */

/* Begin PBXVariantGroup section */
		44EBB9331E554C9600E6D91D /* Main.storyboard */ = {
			isa = PBXVariantGroup;
			children = (
				44EBB9341E554C9600E6D91D /* Base */,
			);
			name = Main.storyboard;
			sourceTree = "<group>";
		};
		44EBB9381E554C9600E6D91D /* LaunchScreen.storyboard */ = {
			isa = PBXVariantGroup;
			children = (
				44EBB9391E554C9600E6D91D /* Base */,
			);
			name = LaunchScreen.storyboard;
			sourceTree = "<group>";
		};
/* End PBXVariantGroup section */

/* Begin XCBuildConfiguration section */
		44EBB93C1E554C9600E6D91D /* Debug */ = {
			isa = XCBuildConfiguration;
			buildSettings = {
				ALWAYS_SEARCH_USER_PATHS = NO;
				CLANG_ANALYZER_NONNULL = YES;
				CLANG_CXX_LANGUAGE_STANDARD = "gnu++0x";
				CLANG_CXX_LIBRARY = "libc++";
				CLANG_ENABLE_MODULES = YES;
				CLANG_ENABLE_OBJC_ARC = YES;
				CLANG_WARN_BOOL_CONVERSION = YES;
				CLANG_WARN_CONSTANT_CONVERSION = YES;
				CLANG_WARN_DIRECT_OBJC_ISA_USAGE = YES_ERROR;
				CLANG_WARN_DOCUMENTATION_COMMENTS = YES;
				CLANG_WARN_EMPTY_BODY = YES;
				CLANG_WARN_ENUM_CONVERSION = YES;
				CLANG_WARN_INFINITE_RECURSION = YES;
				CLANG_WARN_INT_CONVERSION = YES;
				CLANG_WARN_OBJC_ROOT_CLASS = YES_ERROR;
				CLANG_WARN_SUSPICIOUS_MOVE = YES;
				CLANG_WARN_UNREACHABLE_CODE = YES;
				CLANG_WARN__DUPLICATE_METHOD_MATCH = YES;
				"CODE_SIGN_IDENTITY[sdk=iphoneos*]" = "iPhone Developer";
				COPY_PHASE_STRIP = NO;
				DEBUG_INFORMATION_FORMAT = dwarf;
				ENABLE_STRICT_OBJC_MSGSEND = YES;
				ENABLE_TESTABILITY = YES;
				GCC_C_LANGUAGE_STANDARD = gnu99;
				GCC_DYNAMIC_NO_PIC = NO;
				GCC_NO_COMMON_BLOCKS = YES;
				GCC_OPTIMIZATION_LEVEL = 0;
				GCC_PREPROCESSOR_DEFINITIONS = (
					"DEBUG=1",
					"$(inherited)",
				);
				GCC_WARN_64_TO_32_BIT_CONVERSION = YES;
				GCC_WARN_ABOUT_RETURN_TYPE = YES_ERROR;
				GCC_WARN_UNDECLARED_SELECTOR = YES;
				GCC_WARN_UNINITIALIZED_AUTOS = YES_AGGRESSIVE;
				GCC_WARN_UNUSED_FUNCTION = YES;
				GCC_WARN_UNUSED_VARIABLE = YES;
				IPHONEOS_DEPLOYMENT_TARGET = 10.2;
				MTL_ENABLE_DEBUG_INFO = YES;
				ONLY_ACTIVE_ARCH = YES;
				SDKROOT = iphoneos;
			};
			name = Debug;
		};
		44EBB93D1E554C9600E6D91D /* Release */ = {
			isa = XCBuildConfiguration;
			buildSettings = {
				ALWAYS_SEARCH_USER_PATHS = NO;
				CLANG_ANALYZER_NONNULL = YES;
				CLANG_CXX_LANGUAGE_STANDARD = "gnu++0x";
				CLANG_CXX_LIBRARY = "libc++";
				CLANG_ENABLE_MODULES = YES;
				CLANG_ENABLE_OBJC_ARC = YES;
				CLANG_WARN_BOOL_CONVERSION = YES;
				CLANG_WARN_CONSTANT_CONVERSION = YES;
				CLANG_WARN_DIRECT_OBJC_ISA_USAGE = YES_ERROR;
				CLANG_WARN_DOCUMENTATION_COMMENTS = YES;
				CLANG_WARN_EMPTY_BODY = YES;
				CLANG_WARN_ENUM_CONVERSION = YES;
				CLANG_WARN_INFINITE_RECURSION = YES;
				CLANG_WARN_INT_CONVERSION = YES;
				CLANG_WARN_OBJC_ROOT_CLASS = YES_ERROR;
				CLANG_WARN_SUSPICIOUS_MOVE = YES;
				CLANG_WARN_UNREACHABLE_CODE = YES;
				CLANG_WARN__DUPLICATE_METHOD_MATCH = YES;
				"CODE_SIGN_IDENTITY[sdk=iphoneos*]" = "iPhone Developer";
				COPY_PHASE_STRIP = NO;
				DEBUG_INFORMATION_FORMAT = "dwarf-with-dsym";
				ENABLE_NS_ASSERTIONS = NO;
				ENABLE_STRICT_OBJC_MSGSEND = YES;
				GCC_C_LANGUAGE_STANDARD = gnu99;
				GCC_NO_COMMON_BLOCKS = YES;
				GCC_WARN_64_TO_32_BIT_CONVERSION = YES;
				GCC_WARN_ABOUT_RETURN_TYPE = YES_ERROR;
				GCC_WARN_UNDECLARED_SELECTOR = YES;
				GCC_WARN_UNINITIALIZED_AUTOS = YES_AGGRESSIVE;
				GCC_WARN_UNUSED_FUNCTION = YES;
				GCC_WARN_UNUSED_VARIABLE = YES;
				IPHONEOS_DEPLOYMENT_TARGET = 10.2;
				MTL_ENABLE_DEBUG_INFO = NO;
				SDKROOT = iphoneos;
				VALIDATE_PRODUCT = YES;
			};
			name = Release;
		};
		44EBB93F1E554C9600E6D91D /* Debug */ = {
			isa = XCBuildConfiguration;
			buildSettings = {
				ASSETCATALOG_COMPILER_APPICON_NAME = AppIcon;
				DEVELOPMENT_TEAM = QDJF4LRH98;
				INFOPLIST_FILE = TableViewPractice01/Info.plist;
				LD_RUNPATH_SEARCH_PATHS = "$(inherited) @executable_path/Frameworks";
				PRODUCT_BUNDLE_IDENTIFIER = com.KimYunseo.TableViewPractice01;
				PRODUCT_NAME = "$(TARGET_NAME)";
			};
			name = Debug;
		};
		44EBB9401E554C9600E6D91D /* Release */ = {
			isa = XCBuildConfiguration;
			buildSettings = {
				ASSETCATALOG_COMPILER_APPICON_NAME = AppIcon;
				DEVELOPMENT_TEAM = QDJF4LRH98;
				INFOPLIST_FILE = TableViewPractice01/Info.plist;
				LD_RUNPATH_SEARCH_PATHS = "$(inherited) @executable_path/Frameworks";
				PRODUCT_BUNDLE_IDENTIFIER = com.KimYunseo.TableViewPractice01;
				PRODUCT_NAME = "$(TARGET_NAME)";
			};
			name = Release;
		};
/* End XCBuildConfiguration section */

/* Begin XCConfigurationList section */
		44EBB9221E554C9600E6D91D /* Build configuration list for PBXProject "TableViewPractice01" */ = {
			isa = XCConfigurationList;
			buildConfigurations = (
				44EBB93C1E554C9600E6D91D /* Debug */,
				44EBB93D1E554C9600E6D91D /* Release */,
			);
			defaultConfigurationIsVisible = 0;
			defaultConfigurationName = Release;
		};
		44EBB93E1E554C9600E6D91D /* Build configuration list for PBXNativeTarget "TableViewPractice01" */ = {
			isa = XCConfigurationList;
			buildConfigurations = (
				44EBB93F1E554C9600E6D91D /* Debug */,
				44EBB9401E554C9600E6D91D /* Release */,
			);
			defaultConfigurationIsVisible = 0;
		};
/* End XCConfigurationList section */
	};
	rootObject = 44EBB91F1E554C9600E6D91D /* Project object */;
}
